
Microsoft Visual Studio Solution File, Format Version 12.00
# Visual Studio 15
VisualStudioVersion = 15.0.28010.2003
MinimumVisualStudioVersion = 10.0.40219.1
Project("{FAE04EC0-301F-11D3-BF4B-00C04F79EFBC}") = "WinExportToExcelCS", "WinExportToExcelCS\WinExportToExcelCS.csproj", "{DD80A12C-BB61-4EC0-8937-2BF9765CD33E}"
EndProject
Project("{F184B08F-C81C-45F6-A57F-5ABD9991F28F}") = "WinExportToExcelVB", "WinExportToExcelVB\WinExportToExcelVB.vbproj", "{73402F0A-751D-4409-835C-2A6D0F1A4500}"
EndProject
Global
	GlobalSection(SolutionConfigurationPlatforms) = preSolution
		Debug|Any CPU = Debug|Any CPU
		Release|Any CPU = Release|Any CPU
	EndGlobalSection
	GlobalSection(ProjectConfigurationPlatforms) = postSolution
		{DD80A12C-BB61-4EC0-8937-2BF9765CD33E}.Debug|Any CPU.ActiveCfg = Debug|Any CPU
		{DD80A12C-BB61-4EC0-8937-2BF9765CD33E}.Debug|Any CPU.Build.0 = Debug|Any CPU
		{DD80A12C-BB61-4EC0-8937-2BF9765CD33E}.Release|Any CPU.ActiveCfg = Release|Any CPU
		{DD80A12C-BB61-4EC0-8937-2BF9765CD33E}.Release|Any CPU.Build.0 = Release|Any CPU
		{73402F0A-751D-4409-835C-2A6D0F1A4500}.Debug|Any CPU.ActiveCfg = Debug|Any CPU
		{73402F0A-751D-4409-835C-2A6D0F1A4500}.Debug|Any CPU.Build.0 = Debug|Any CPU
		{73402F0A-751D-4409-835C-2A6D0F1A4500}.Release|Any CPU.ActiveCfg = Release|Any CPU
		{73402F0A-751D-4409-835C-2A6D0F1A4500}.Release|Any CPU.Build.0 = Release|Any CPU
	EndGlobalSection
	GlobalSection(SolutionProperties) = preSolution
		HideSolutionNode = FALSE
	EndGlobalSection
	GlobalSection(ExtensibilityGlobals) = postSolution
		SolutionGuid = {E727CB0B-A837-4AF8-8319-6966B2E1CCCA}
	EndGlobalSection
EndGlobal
